
Microsoft Visual Studio Solution File, Format Version 12.00
# Visual Studio Version 16
VisualStudioVersion = 16.0.30711.63
MinimumVisualStudioVersion = 10.0.40219.1
Project("{9A19103F-16F7-4668-BE54-9A1E7A4F7556}") = "API", "API\API.csproj", "{77FF2E05-06B1-4261-B06C-DE5053DA2810}"
EndProject
Project("{FAE04EC0-301F-11D3-BF4B-00C04F79EFBC}") = "API.Test", "API.Test\API.Test.csproj", "{E1DA0492-D897-4907-8B79-3A4BC0308123}"
EndProject
Global
	GlobalSection(SolutionConfigurationPlatforms) = preSolution
		Debug|Any CPU = Debug|Any CPU
		Release|Any CPU = Release|Any CPU
	EndGlobalSection
	GlobalSection(ProjectConfigurationPlatforms) = postSolution
		{77FF2E05-06B1-4261-B06C-DE5053DA2810}.Debug|Any CPU.ActiveCfg = Debug|Any CPU
		{77FF2E05-06B1-4261-B06C-DE5053DA2810}.Debug|Any CPU.Build.0 = Debug|Any CPU
		{77FF2E05-06B1-4261-B06C-DE5053DA2810}.Release|Any CPU.ActiveCfg = Release|Any CPU
		{77FF2E05-06B1-4261-B06C-DE5053DA2810}.Release|Any CPU.Build.0 = Release|Any CPU
		{E1DA0492-D897-4907-8B79-3A4BC0308123}.Debug|Any CPU.ActiveCfg = Debug|Any CPU
		{E1DA0492-D897-4907-8B79-3A4BC0308123}.Debug|Any CPU.Build.0 = Debug|Any CPU
		{E1DA0492-D897-4907-8B79-3A4BC0308123}.Release|Any CPU.ActiveCfg = Release|Any CPU
		{E1DA0492-D897-4907-8B79-3A4BC0308123}.Release|Any CPU.Build.0 = Release|Any CPU
	EndGlobalSection
	GlobalSection(SolutionProperties) = preSolution
		HideSolutionNode = FALSE
	EndGlobalSection
	GlobalSection(ExtensibilityGlobals) = postSolution
		SolutionGuid = {D2A72EF2-6C81-4589-880D-7C5510B0B090}
	EndGlobalSection
EndGlobal
